// !$*UTF8*$!
{
	archiveVersion = 1;
	classes = {
	};
	objectVersion = 56;
	objects = {

/* Begin PBXBuildFile section */
		D60B6E0028F0CEA50090E98D /* MusicSharingApp.swift in Sources */ = {isa = PBXBuildFile; fileRef = D60B6DFF28F0CEA50090E98D /* MusicSharingApp.swift */; };
		D60B6E0228F0CEA50090E98D /* ContentView.swift in Sources */ = {isa = PBXBuildFile; fileRef = D60B6E0128F0CEA50090E98D /* ContentView.swift */; };
		D60B6E0428F0CEB50090E98D /* Assets.xcassets in Resources */ = {isa = PBXBuildFile; fileRef = D60B6E0328F0CEB50090E98D /* Assets.xcassets */; };
		D60B6E0728F0CEB50090E98D /* Preview Assets.xcassets in Resources */ = {isa = PBXBuildFile; fileRef = D60B6E0628F0CEB50090E98D /* Preview Assets.xcassets */; };
		D60B6E0F28F0D7CD0090E98D /* HomeView.swift in Sources */ = {isa = PBXBuildFile; fileRef = D60B6E0E28F0D7CD0090E98D /* HomeView.swift */; };
		D60B6E1128F0DE7B0090E98D /* ChartsView.swift in Sources */ = {isa = PBXBuildFile; fileRef = D60B6E1028F0DE7B0090E98D /* ChartsView.swift */; };
		D60B6E1328F0DEA20090E98D /* SearchView.swift in Sources */ = {isa = PBXBuildFile; fileRef = D60B6E1228F0DEA20090E98D /* SearchView.swift */; };
		D60B6E1528F0DECF0090E98D /* FavoritesView.swift in Sources */ = {isa = PBXBuildFile; fileRef = D60B6E1428F0DECF0090E98D /* FavoritesView.swift */; };
		D60B6E1728F0DEED0090E98D /* ProfileView.swift in Sources */ = {isa = PBXBuildFile; fileRef = D60B6E1628F0DEED0090E98D /* ProfileView.swift */; };
		D60B6E1A28F3A78B0090E98D /* SpotifyAuthViewModel.swift in Sources */ = {isa = PBXBuildFile; fileRef = D60B6E1928F3A78B0090E98D /* SpotifyAuthViewModel.swift */; };
		D60B6E1E28F4AB3C0090E98D /* Extentions.swift in Sources */ = {isa = PBXBuildFile; fileRef = D60B6E1D28F4AB3C0090E98D /* Extentions.swift */; };
		D60B6E2028F4ABE20090E98D /* AuthResponse.swift in Sources */ = {isa = PBXBuildFile; fileRef = D60B6E1F28F4ABE20090E98D /* AuthResponse.swift */; };
/* End PBXBuildFile section */

/* Begin PBXFileReference section */
		D60B6DFC28F0CEA50090E98D /* MusicSharing.app */ = {isa = PBXFileReference; explicitFileType = wrapper.application; includeInIndex = 0; path = MusicSharing.app; sourceTree = BUILT_PRODUCTS_DIR; };
		D60B6DFF28F0CEA50090E98D /* MusicSharingApp.swift */ = {isa = PBXFileReference; lastKnownFileType = sourcecode.swift; path = MusicSharingApp.swift; sourceTree = "<group>"; };
		D60B6E0128F0CEA50090E98D /* ContentView.swift */ = {isa = PBXFileReference; lastKnownFileType = sourcecode.swift; path = ContentView.swift; sourceTree = "<group>"; };
		D60B6E0328F0CEB50090E98D /* Assets.xcassets */ = {isa = PBXFileReference; lastKnownFileType = folder.assetcatalog; path = Assets.xcassets; sourceTree = "<group>"; };
		D60B6E0628F0CEB50090E98D /* Preview Assets.xcassets */ = {isa = PBXFileReference; lastKnownFileType = folder.assetcatalog; path = "Preview Assets.xcassets"; sourceTree = "<group>"; };
		D60B6E0E28F0D7CD0090E98D /* HomeView.swift */ = {isa = PBXFileReference; lastKnownFileType = sourcecode.swift; path = HomeView.swift; sourceTree = "<group>"; };
		D60B6E1028F0DE7B0090E98D /* ChartsView.swift */ = {isa = PBXFileReference; lastKnownFileType = sourcecode.swift; path = ChartsView.swift; sourceTree = "<group>"; };
		D60B6E1228F0DEA20090E98D /* SearchView.swift */ = {isa = PBXFileReference; lastKnownFileType = sourcecode.swift; path = SearchView.swift; sourceTree = "<group>"; };
		D60B6E1428F0DECF0090E98D /* FavoritesView.swift */ = {isa = PBXFileReference; lastKnownFileType = sourcecode.swift; path = FavoritesView.swift; sourceTree = "<group>"; };
		D60B6E1628F0DEED0090E98D /* ProfileView.swift */ = {isa = PBXFileReference; lastKnownFileType = sourcecode.swift; path = ProfileView.swift; sourceTree = "<group>"; };
		D60B6E1928F3A78B0090E98D /* SpotifyAuthViewModel.swift */ = {isa = PBXFileReference; lastKnownFileType = sourcecode.swift; path = SpotifyAuthViewModel.swift; sourceTree = "<group>"; };
		D60B6E1D28F4AB3C0090E98D /* Extentions.swift */ = {isa = PBXFileReference; lastKnownFileType = sourcecode.swift; path = Extentions.swift; sourceTree = "<group>"; };
		D60B6E1F28F4ABE20090E98D /* AuthResponse.swift */ = {isa = PBXFileReference; lastKnownFileType = sourcecode.swift; path = AuthResponse.swift; sourceTree = "<group>"; };
/* End PBXFileReference section */

/* Begin PBXFrameworksBuildPhase section */
		D60B6DF928F0CEA50090E98D /* Frameworks */ = {
			isa = PBXFrameworksBuildPhase;
			buildActionMask = 2147483647;
			files = (
			);
			runOnlyForDeploymentPostprocessing = 0;
		};
/* End PBXFrameworksBuildPhase section */

/* Begin PBXGroup section */
		D60B6DF328F0CEA40090E98D = {
			isa = PBXGroup;
			children = (
				D60B6DFE28F0CEA50090E98D /* MusicSharing */,
				D60B6DFD28F0CEA50090E98D /* Products */,
			);
			sourceTree = "<group>";
		};
		D60B6DFD28F0CEA50090E98D /* Products */ = {
			isa = PBXGroup;
			children = (
				D60B6DFC28F0CEA50090E98D /* MusicSharing.app */,
			);
			name = Products;
			sourceTree = "<group>";
		};
		D60B6DFE28F0CEA50090E98D /* MusicSharing */ = {
			isa = PBXGroup;
			children = (
				D60B6E1C28F4AB180090E98D /* Utilities */,
				D60B6E1B28F3A7930090E98D /* Models */,
				D60B6E1828F3A7160090E98D /* ViewModels */,
				D60B6DFF28F0CEA50090E98D /* MusicSharingApp.swift */,
				D60B6E0D28F0D75B0090E98D /* Views */,
				D60B6E0328F0CEB50090E98D /* Assets.xcassets */,
				D60B6E0528F0CEB50090E98D /* Preview Content */,
			);
			path = MusicSharing;
			sourceTree = "<group>";
		};
		D60B6E0528F0CEB50090E98D /* Preview Content */ = {
			isa = PBXGroup;
			children = (
				D60B6E0628F0CEB50090E98D /* Preview Assets.xcassets */,
			);
			path = "Preview Content";
			sourceTree = "<group>";
		};
		D60B6E0D28F0D75B0090E98D /* Views */ = {
			isa = PBXGroup;
			children = (
				D60B6E0128F0CEA50090E98D /* ContentView.swift */,
				D60B6E0E28F0D7CD0090E98D /* HomeView.swift */,
				D60B6E1028F0DE7B0090E98D /* ChartsView.swift */,
				D60B6E1228F0DEA20090E98D /* SearchView.swift */,
				D60B6E1428F0DECF0090E98D /* FavoritesView.swift */,
				D60B6E1628F0DEED0090E98D /* ProfileView.swift */,
			);
			path = Views;
			sourceTree = "<group>";
		};
		D60B6E1828F3A7160090E98D /* ViewModels */ = {
			isa = PBXGroup;
			children = (
				D60B6E1928F3A78B0090E98D /* SpotifyAuthViewModel.swift */,
			);
			path = ViewModels;
			sourceTree = "<group>";
		};
		D60B6E1B28F3A7930090E98D /* Models */ = {
			isa = PBXGroup;
			children = (
				D60B6E1F28F4ABE20090E98D /* AuthResponse.swift */,
			);
			path = Models;
			sourceTree = "<group>";
		};
		D60B6E1C28F4AB180090E98D /* Utilities */ = {
			isa = PBXGroup;
			children = (
				D60B6E1D28F4AB3C0090E98D /* Extentions.swift */,
			);
			path = Utilities;
			sourceTree = "<group>";
		};
/* End PBXGroup section */

/* Begin PBXNativeTarget section */
		D60B6DFB28F0CEA50090E98D /* MusicSharing */ = {
			isa = PBXNativeTarget;
			buildConfigurationList = D60B6E0A28F0CEB50090E98D /* Build configuration list for PBXNativeTarget "MusicSharing" */;
			buildPhases = (
				D60B6DF828F0CEA50090E98D /* Sources */,
				D60B6DF928F0CEA50090E98D /* Frameworks */,
				D60B6DFA28F0CEA50090E98D /* Resources */,
			);
			buildRules = (
			);
			dependencies = (
			);
			name = MusicSharing;
			productName = MusicSharing;
			productReference = D60B6DFC28F0CEA50090E98D /* MusicSharing.app */;
			productType = "com.apple.product-type.application";
		};
/* End PBXNativeTarget section */

/* Begin PBXProject section */
		D60B6DF428F0CEA50090E98D /* Project object */ = {
			isa = PBXProject;
			attributes = {
				BuildIndependentTargetsInParallel = 1;
				LastSwiftUpdateCheck = 1400;
				LastUpgradeCheck = 1400;
				TargetAttributes = {
					D60B6DFB28F0CEA50090E98D = {
						CreatedOnToolsVersion = 14.0.1;
					};
				};
			};
			buildConfigurationList = D60B6DF728F0CEA50090E98D /* Build configuration list for PBXProject "MusicSharing" */;
			compatibilityVersion = "Xcode 14.0";
			developmentRegion = en;
			hasScannedForEncodings = 0;
			knownRegions = (
				en,
				Base,
			);
			mainGroup = D60B6DF328F0CEA40090E98D;
			productRefGroup = D60B6DFD28F0CEA50090E98D /* Products */;
			projectDirPath = "";
			projectRoot = "";
			targets = (
				D60B6DFB28F0CEA50090E98D /* MusicSharing */,
			);
		};
/* End PBXProject section */

/* Begin PBXResourcesBuildPhase section */
		D60B6DFA28F0CEA50090E98D /* Resources */ = {
			isa = PBXResourcesBuildPhase;
			buildActionMask = 2147483647;
			files = (
				D60B6E0728F0CEB50090E98D /* Preview Assets.xcassets in Resources */,
				D60B6E0428F0CEB50090E98D /* Assets.xcassets in Resources */,
			);
			runOnlyForDeploymentPostprocessing = 0;
		};
/* End PBXResourcesBuildPhase section */

/* Begin PBXSourcesBuildPhase section */
		D60B6DF828F0CEA50090E98D /* Sources */ = {
			isa = PBXSourcesBuildPhase;
			buildActionMask = 2147483647;
			files = (
				D60B6E1328F0DEA20090E98D /* SearchView.swift in Sources */,
				D60B6E1A28F3A78B0090E98D /* SpotifyAuthViewModel.swift in Sources */,
				D60B6E0F28F0D7CD0090E98D /* HomeView.swift in Sources */,
				D60B6E1528F0DECF0090E98D /* FavoritesView.swift in Sources */,
				D60B6E0228F0CEA50090E98D /* ContentView.swift in Sources */,
				D60B6E0028F0CEA50090E98D /* MusicSharingApp.swift in Sources */,
				D60B6E1728F0DEED0090E98D /* ProfileView.swift in Sources */,
				D60B6E1128F0DE7B0090E98D /* ChartsView.swift in Sources */,
				D60B6E2028F4ABE20090E98D /* AuthResponse.swift in Sources */,
				D60B6E1E28F4AB3C0090E98D /* Extentions.swift in Sources */,
			);
			runOnlyForDeploymentPostprocessing = 0;
		};
/* End PBXSourcesBuildPhase section */

/* Begin XCBuildConfiguration section */
		D60B6E0828F0CEB50090E98D /* Debug */ = {
			isa = XCBuildConfiguration;
			buildSettings = {
				ALWAYS_SEARCH_USER_PATHS = NO;
				CLANG_ANALYZER_NONNULL = YES;
				CLANG_ANALYZER_NUMBER_OBJECT_CONVERSION = YES_AGGRESSIVE;
				CLANG_CXX_LANGUAGE_STANDARD = "gnu++20";
				CLANG_ENABLE_MODULES = YES;
				CLANG_ENABLE_OBJC_ARC = YES;
				CLANG_ENABLE_OBJC_WEAK = YES;
				CLANG_WARN_BLOCK_CAPTURE_AUTORELEASING = YES;
				CLANG_WARN_BOOL_CONVERSION = YES;
				CLANG_WARN_COMMA = YES;
				CLANG_WARN_CONSTANT_CONVERSION = YES;
				CLANG_WARN_DEPRECATED_OBJC_IMPLEMENTATIONS = YES;
				CLANG_WARN_DIRECT_OBJC_ISA_USAGE = YES_ERROR;
				CLANG_WARN_DOCUMENTATION_COMMENTS = YES;
				CLANG_WARN_EMPTY_BODY = YES;
				CLANG_WARN_ENUM_CONVERSION = YES;
				CLANG_WARN_INFINITE_RECURSION = YES;
				CLANG_WARN_INT_CONVERSION = YES;
				CLANG_WARN_NON_LITERAL_NULL_CONVERSION = YES;
				CLANG_WARN_OBJC_IMPLICIT_RETAIN_SELF = YES;
				CLANG_WARN_OBJC_LITERAL_CONVERSION = YES;
				CLANG_WARN_OBJC_ROOT_CLASS = YES_ERROR;
				CLANG_WARN_QUOTED_INCLUDE_IN_FRAMEWORK_HEADER = YES;
				CLANG_WARN_RANGE_LOOP_ANALYSIS = YES;
				CLANG_WARN_STRICT_PROTOTYPES = YES;
				CLANG_WARN_SUSPICIOUS_MOVE = YES;
				CLANG_WARN_UNGUARDED_AVAILABILITY = YES_AGGRESSIVE;
				CLANG_WARN_UNREACHABLE_CODE = YES;
				CLANG_WARN__DUPLICATE_METHOD_MATCH = YES;
				COPY_PHASE_STRIP = NO;
				DEBUG_INFORMATION_FORMAT = dwarf;
				ENABLE_STRICT_OBJC_MSGSEND = YES;
				ENABLE_TESTABILITY = YES;
				GCC_C_LANGUAGE_STANDARD = gnu11;
				GCC_DYNAMIC_NO_PIC = NO;
				GCC_NO_COMMON_BLOCKS = YES;
				GCC_OPTIMIZATION_LEVEL = 0;
				GCC_PREPROCESSOR_DEFINITIONS = (
					"DEBUG=1",
					"$(inherited)",
				);
				GCC_WARN_64_TO_32_BIT_CONVERSION = YES;
				GCC_WARN_ABOUT_RETURN_TYPE = YES_ERROR;
				GCC_WARN_UNDECLARED_SELECTOR = YES;
				GCC_WARN_UNINITIALIZED_AUTOS = YES_AGGRESSIVE;
				GCC_WARN_UNUSED_FUNCTION = YES;
				GCC_WARN_UNUSED_VARIABLE = YES;
				IPHONEOS_DEPLOYMENT_TARGET = 16.0;
				MTL_ENABLE_DEBUG_INFO = INCLUDE_SOURCE;
				MTL_FAST_MATH = YES;
				ONLY_ACTIVE_ARCH = YES;
				SDKROOT = iphoneos;
				SWIFT_ACTIVE_COMPILATION_CONDITIONS = DEBUG;
				SWIFT_OPTIMIZATION_LEVEL = "-Onone";
			};
			name = Debug;
		};
		D60B6E0928F0CEB50090E98D /* Release */ = {
			isa = XCBuildConfiguration;
			buildSettings = {
				ALWAYS_SEARCH_USER_PATHS = NO;
				CLANG_ANALYZER_NONNULL = YES;
				CLANG_ANALYZER_NUMBER_OBJECT_CONVERSION = YES_AGGRESSIVE;
				CLANG_CXX_LANGUAGE_STANDARD = "gnu++20";
				CLANG_ENABLE_MODULES = YES;
				CLANG_ENABLE_OBJC_ARC = YES;
				CLANG_ENABLE_OBJC_WEAK = YES;
				CLANG_WARN_BLOCK_CAPTURE_AUTORELEASING = YES;
				CLANG_WARN_BOOL_CONVERSION = YES;
				CLANG_WARN_COMMA = YES;
				CLANG_WARN_CONSTANT_CONVERSION = YES;
				CLANG_WARN_DEPRECATED_OBJC_IMPLEMENTATIONS = YES;
				CLANG_WARN_DIRECT_OBJC_ISA_USAGE = YES_ERROR;
				CLANG_WARN_DOCUMENTATION_COMMENTS = YES;
				CLANG_WARN_EMPTY_BODY = YES;
				CLANG_WARN_ENUM_CONVERSION = YES;
				CLANG_WARN_INFINITE_RECURSION = YES;
				CLANG_WARN_INT_CONVERSION = YES;
				CLANG_WARN_NON_LITERAL_NULL_CONVERSION = YES;
				CLANG_WARN_OBJC_IMPLICIT_RETAIN_SELF = YES;
				CLANG_WARN_OBJC_LITERAL_CONVERSION = YES;
				CLANG_WARN_OBJC_ROOT_CLASS = YES_ERROR;
				CLANG_WARN_QUOTED_INCLUDE_IN_FRAMEWORK_HEADER = YES;
				CLANG_WARN_RANGE_LOOP_ANALYSIS = YES;
				CLANG_WARN_STRICT_PROTOTYPES = YES;
				CLANG_WARN_SUSPICIOUS_MOVE = YES;
				CLANG_WARN_UNGUARDED_AVAILABILITY = YES_AGGRESSIVE;
				CLANG_WARN_UNREACHABLE_CODE = YES;
				CLANG_WARN__DUPLICATE_METHOD_MATCH = YES;
				COPY_PHASE_STRIP = NO;
				DEBUG_INFORMATION_FORMAT = "dwarf-with-dsym";
				ENABLE_NS_ASSERTIONS = NO;
				ENABLE_STRICT_OBJC_MSGSEND = YES;
				GCC_C_LANGUAGE_STANDARD = gnu11;
				GCC_NO_COMMON_BLOCKS = YES;
				GCC_WARN_64_TO_32_BIT_CONVERSION = YES;
				GCC_WARN_ABOUT_RETURN_TYPE = YES_ERROR;
				GCC_WARN_UNDECLARED_SELECTOR = YES;
				GCC_WARN_UNINITIALIZED_AUTOS = YES_AGGRESSIVE;
				GCC_WARN_UNUSED_FUNCTION = YES;
				GCC_WARN_UNUSED_VARIABLE = YES;
				IPHONEOS_DEPLOYMENT_TARGET = 16.0;
				MTL_ENABLE_DEBUG_INFO = NO;
				MTL_FAST_MATH = YES;
				SDKROOT = iphoneos;
				SWIFT_COMPILATION_MODE = wholemodule;
				SWIFT_OPTIMIZATION_LEVEL = "-O";
				VALIDATE_PRODUCT = YES;
			};
			name = Release;
		};
		D60B6E0B28F0CEB50090E98D /* Debug */ = {
			isa = XCBuildConfiguration;
			buildSettings = {
				ASSETCATALOG_COMPILER_APPICON_NAME = AppIcon;
				ASSETCATALOG_COMPILER_GLOBAL_ACCENT_COLOR_NAME = AccentColor;
				CODE_SIGN_STYLE = Automatic;
				CURRENT_PROJECT_VERSION = 1;
				DEVELOPMENT_ASSET_PATHS = "\"MusicSharing/Preview Content\"";
				DEVELOPMENT_TEAM = MP9649YB4K;
				ENABLE_PREVIEWS = YES;
				GENERATE_INFOPLIST_FILE = YES;
				INFOPLIST_KEY_UIApplicationSceneManifest_Generation = YES;
				INFOPLIST_KEY_UIApplicationSupportsIndirectInputEvents = YES;
				INFOPLIST_KEY_UILaunchScreen_Generation = YES;
				INFOPLIST_KEY_UISupportedInterfaceOrientations_iPad = "UIInterfaceOrientationPortrait UIInterfaceOrientationPortraitUpsideDown UIInterfaceOrientationLandscapeLeft UIInterfaceOrientationLandscapeRight";
				INFOPLIST_KEY_UISupportedInterfaceOrientations_iPhone = "UIInterfaceOrientationPortrait UIInterfaceOrientationLandscapeLeft UIInterfaceOrientationLandscapeRight";
				LD_RUNPATH_SEARCH_PATHS = (
					"$(inherited)",
					"@executable_path/Frameworks",
				);
				MARKETING_VERSION = 1.0;
				PRODUCT_BUNDLE_IDENTIFIER = com.SeanMeek.MusicSharing;
				PRODUCT_NAME = "$(TARGET_NAME)";
				SUPPORTED_PLATFORMS = "iphoneos iphonesimulator";
				SUPPORTS_MACCATALYST = NO;
				SUPPORTS_MAC_DESIGNED_FOR_IPHONE_IPAD = NO;
				SWIFT_EMIT_LOC_STRINGS = YES;
				SWIFT_VERSION = 5.0;
				TARGETED_DEVICE_FAMILY = "1,2";
			};
			name = Debug;
		};
		D60B6E0C28F0CEB50090E98D /* Release */ = {
			isa = XCBuildConfiguration;
			buildSettings = {
				ASSETCATALOG_COMPILER_APPICON_NAME = AppIcon;
				ASSETCATALOG_COMPILER_GLOBAL_ACCENT_COLOR_NAME = AccentColor;
				CODE_SIGN_STYLE = Automatic;
				CURRENT_PROJECT_VERSION = 1;
				DEVELOPMENT_ASSET_PATHS = "\"MusicSharing/Preview Content\"";
				DEVELOPMENT_TEAM = MP9649YB4K;
				ENABLE_PREVIEWS = YES;
				GENERATE_INFOPLIST_FILE = YES;
				INFOPLIST_KEY_UIApplicationSceneManifest_Generation = YES;
				INFOPLIST_KEY_UIApplicationSupportsIndirectInputEvents = YES;
				INFOPLIST_KEY_UILaunchScreen_Generation = YES;
				INFOPLIST_KEY_UISupportedInterfaceOrientations_iPad = "UIInterfaceOrientationPortrait UIInterfaceOrientationPortraitUpsideDown UIInterfaceOrientationLandscapeLeft UIInterfaceOrientationLandscapeRight";
				INFOPLIST_KEY_UISupportedInterfaceOrientations_iPhone = "UIInterfaceOrientationPortrait UIInterfaceOrientationLandscapeLeft UIInterfaceOrientationLandscapeRight";
				LD_RUNPATH_SEARCH_PATHS = (
					"$(inherited)",
					"@executable_path/Frameworks",
				);
				MARKETING_VERSION = 1.0;
				PRODUCT_BUNDLE_IDENTIFIER = com.SeanMeek.MusicSharing;
				PRODUCT_NAME = "$(TARGET_NAME)";
				SUPPORTED_PLATFORMS = "iphoneos iphonesimulator";
				SUPPORTS_MACCATALYST = NO;
				SUPPORTS_MAC_DESIGNED_FOR_IPHONE_IPAD = NO;
				SWIFT_EMIT_LOC_STRINGS = YES;
				SWIFT_VERSION = 5.0;
				TARGETED_DEVICE_FAMILY = "1,2";
			};
			name = Release;
		};
/* End XCBuildConfiguration section */

/* Begin XCConfigurationList section */
		D60B6DF728F0CEA50090E98D /* Build configuration list for PBXProject "MusicSharing" */ = {
			isa = XCConfigurationList;
			buildConfigurations = (
				D60B6E0828F0CEB50090E98D /* Debug */,
				D60B6E0928F0CEB50090E98D /* Release */,
			);
			defaultConfigurationIsVisible = 0;
			defaultConfigurationName = Release;
		};
		D60B6E0A28F0CEB50090E98D /* Build configuration list for PBXNativeTarget "MusicSharing" */ = {
			isa = XCConfigurationList;
			buildConfigurations = (
				D60B6E0B28F0CEB50090E98D /* Debug */,
				D60B6E0C28F0CEB50090E98D /* Release */,
			);
			defaultConfigurationIsVisible = 0;
			defaultConfigurationName = Release;
		};
/* End XCConfigurationList section */
	};
	rootObject = D60B6DF428F0CEA50090E98D /* Project object */;
}
